
Microsoft Visual Studio Solution File, Format Version 12.00
# Visual Studio Version 17
VisualStudioVersion = 17.3.32804.467
MinimumVisualStudioVersion = 10.0.40219.1
Project("{FAE04EC0-301F-11D3-BF4B-00C04F79EFBC}") = "Y1_ProgrammingLanguage", "Y1_ProgrammingLanguage\Y1_ProgrammingLanguage.csproj", "{193558F7-EF66-4F33-B1D3-4A0E03766CBF}"
EndProject
Global
	GlobalSection(SolutionConfigurationPlatforms) = preSolution
		Debug|Any CPU = Debug|Any CPU
		Release|Any CPU = Release|Any CPU
	EndGlobalSection
	GlobalSection(ProjectConfigurationPlatforms) = postSolution
		{193558F7-EF66-4F33-B1D3-4A0E03766CBF}.Debug|Any CPU.ActiveCfg = Debug|Any CPU
		{193558F7-EF66-4F33-B1D3-4A0E03766CBF}.Debug|Any CPU.Build.0 = Debug|Any CPU
		{193558F7-EF66-4F33-B1D3-4A0E03766CBF}.Release|Any CPU.ActiveCfg = Release|Any CPU
		{193558F7-EF66-4F33-B1D3-4A0E03766CBF}.Release|Any CPU.Build.0 = Release|Any CPU
	EndGlobalSection
	GlobalSection(SolutionProperties) = preSolution
		HideSolutionNode = FALSE
	EndGlobalSection
	GlobalSection(ExtensibilityGlobals) = postSolution
		SolutionGuid = {EB19D620-63D3-48D2-9C2E-E9578F51847F}
	EndGlobalSection
EndGlobal
